
Microsoft Visual Studio Solution File, Format Version 12.00
# Visual Studio Version 16
VisualStudioVersion = 16.0.30621.155
MinimumVisualStudioVersion = 10.0.40219.1
Project("{FAE04EC0-301F-11D3-BF4B-00C04F79EFBC}") = "dojo_net", "dojo_net\dojo_net.csproj", "{3A3980FE-9006-429A-B18E-5BD6F40589CF}"
EndProject
Global
	GlobalSection(SolutionConfigurationPlatforms) = preSolution
		Debug|Any CPU = Debug|Any CPU
		Release|Any CPU = Release|Any CPU
	EndGlobalSection
	GlobalSection(ProjectConfigurationPlatforms) = postSolution
		{3A3980FE-9006-429A-B18E-5BD6F40589CF}.Debug|Any CPU.ActiveCfg = Debug|Any CPU
		{3A3980FE-9006-429A-B18E-5BD6F40589CF}.Debug|Any CPU.Build.0 = Debug|Any CPU
		{3A3980FE-9006-429A-B18E-5BD6F40589CF}.Release|Any CPU.ActiveCfg = Release|Any CPU
		{3A3980FE-9006-429A-B18E-5BD6F40589CF}.Release|Any CPU.Build.0 = Release|Any CPU
	EndGlobalSection
	GlobalSection(SolutionProperties) = preSolution
		HideSolutionNode = FALSE
	EndGlobalSection
	GlobalSection(ExtensibilityGlobals) = postSolution
		SolutionGuid = {58A5AD03-B712-40D3-B7B9-5BA9E0EB7893}
	EndGlobalSection
EndGlobal
